{
  "requires": true,
  "lockfileVersion": 1,
  "dependencies": {
    "@ngx-translate/core": {
      "version": "11.0.1",
      "resolved": "https://registry.npmjs.org/@ngx-translate/core/-/core-11.0.1.tgz",
      "integrity": "sha512-nBCa1ZD9fAUY/3eskP3Lql2fNg8OMrYIej1/5GRsfcutx9tG/5fZLCv9m6UCw1aS+u4uK/vXjv1ctG/FdMvaWg==",
      "requires": {
        "tslib": "^1.9.0"
      }
    },
    "@ngx-translate/http-loader": {
      "version": "4.0.0",
      "resolved": "https://registry.npmjs.org/@ngx-translate/http-loader/-/http-loader-4.0.0.tgz",
      "integrity": "sha512-x8LumqydWD7eX9yQTAVeoCM9gFUIGVTUjZqbxdAUavAA3qVnk9wCQux7iHLPXpydl8vyQmLoPQR+fFU+DUDOMA==",
      "requires": {
        "tslib": "^1.9.0"
      }
    },
    "deepmerge": {
      "version": "2.1.1",
      "resolved": "https://registry.npmjs.org/deepmerge/-/deepmerge-2.1.1.tgz",
      "integrity": "sha512-urQxA1smbLZ2cBbXbaYObM1dJ82aJ2H57A1C/Kklfh/ZN1bgH4G/n5KWhdNfOK11W98gqZfyYj7W4frJJRwA2w=="
    },
    "ngx-translate-multi-http-loader": {
      "version": "3.0.0",
      "resolved": "https://registry.npmjs.org/ngx-translate-multi-http-loader/-/ngx-translate-multi-http-loader-3.0.0.tgz",
      "integrity": "sha512-tN9a97sdXkqGZIeQhnl14l+7+xFwqpYMTkbrW7K/1f16q3+OFC++1uPfrKs7rACQ7ZBmTJ86JB729PTUIVi3xA==",
      "requires": {
        "deepmerge": "2.1.1",
        "tslib": "^1.9.0"
      }
    },
    "rxjs": {
      "version": "6.5.1",
      "resolved": "https://registry.npmjs.org/rxjs/-/rxjs-6.5.1.tgz",
      "integrity": "sha512-y0j31WJc83wPu31vS1VlAFW5JGrnGC+j+TtGAa1fRQphy48+fDYiDmX8tjGloToEsMkxnouOg/1IzXGKkJnZMg==",
      "requires": {
        "tslib": "^1.9.0"
      }
    },
    "tslib": {
      "version": "1.9.3",
      "resolved": "https://registry.npmjs.org/tslib/-/tslib-1.9.3.tgz",
      "integrity": "sha512-4krF8scpejhaOgqzBEcGM7yDIEfi0/8+8zDRZhNZZ2kjmHJ4hv3zCbQWxoJGz1iw5U0Jl0nma13xzHXcncMavQ=="
    }
  }
}
